// !$*UTF8*$!
{
	archiveVersion = 1;
	classes = {
	};
	objectVersion = 77;
	objects = {

/* Begin PBXContainerItemProxy section */
		B13295F72D8A92A800F6345C /* PBXContainerItemProxy */ = {
			isa = PBXContainerItemProxy;
			containerPortal = B13295DE2D8A92A600F6345C /* Project object */;
			proxyType = 1;
			remoteGlobalIDString = B13295E52D8A92A600F6345C;
			remoteInfo = CountMe;
		};
		B13296012D8A92A800F6345C /* PBXContainerItemProxy */ = {
			isa = PBXContainerItemProxy;
			containerPortal = B13295DE2D8A92A600F6345C /* Project object */;
			proxyType = 1;
			remoteGlobalIDString = B13295E52D8A92A600F6345C;
			remoteInfo = CountMe;
		};
/* End PBXContainerItemProxy section */

/* Begin PBXFileReference section */
		B13295E62D8A92A600F6345C /* CountMe.app */ = {isa = PBXFileReference; explicitFileType = wrapper.application; includeInIndex = 0; path = CountMe.app; sourceTree = BUILT_PRODUCTS_DIR; };
		B13295F62D8A92A800F6345C /* CountMeTests.xctest */ = {isa = PBXFileReference; explicitFileType = wrapper.cfbundle; includeInIndex = 0; path = CountMeTests.xctest; sourceTree = BUILT_PRODUCTS_DIR; };
		B13296002D8A92A800F6345C /* CountMeUITests.xctest */ = {isa = PBXFileReference; explicitFileType = wrapper.cfbundle; includeInIndex = 0; path = CountMeUITests.xctest; sourceTree = BUILT_PRODUCTS_DIR; };
/* End PBXFileReference section */

/* Begin PBXFileSystemSynchronizedBuildFileExceptionSet section */
		66E64DC42D953CB500A75FB5 /* Exceptions for "CountMe" folder in "CountMe" target */ = {
			isa = PBXFileSystemSynchronizedBuildFileExceptionSet;
			membershipExceptions = (
				Info.plist,
			);
			target = B13295E52D8A92A600F6345C /* CountMe */;
		};
/* End PBXFileSystemSynchronizedBuildFileExceptionSet section */

/* Begin PBXFileSystemSynchronizedRootGroup section */
		B13295E82D8A92A600F6345C /* CountMe */ = {
			isa = PBXFileSystemSynchronizedRootGroup;
			exceptions = (
				66E64DC42D953CB500A75FB5 /* Exceptions for "CountMe" folder in "CountMe" target */,
			);
			path = CountMe;
			sourceTree = "<group>";
		};
		B13295F92D8A92A800F6345C /* CountMeTests */ = {
			isa = PBXFileSystemSynchronizedRootGroup;
			path = CountMeTests;
			sourceTree = "<group>";
		};
		B13296032D8A92A800F6345C /* CountMeUITests */ = {
			isa = PBXFileSystemSynchronizedRootGroup;
			path = CountMeUITests;
			sourceTree = "<group>";
		};
/* End PBXFileSystemSynchronizedRootGroup section */

/* Begin PBXFrameworksBuildPhase section */
		B13295E32D8A92A600F6345C /* Frameworks */ = {
			isa = PBXFrameworksBuildPhase;
			buildActionMask = 2147483647;
			files = (
			);
			runOnlyForDeploymentPostprocessing = 0;
		};
		B13295F32D8A92A800F6345C /* Frameworks */ = {
			isa = PBXFrameworksBuildPhase;
			buildActionMask = 2147483647;
			files = (
			);
			runOnlyForDeploymentPostprocessing = 0;
		};
		B13295FD2D8A92A800F6345C /* Frameworks */ = {
			isa = PBXFrameworksBuildPhase;
			buildActionMask = 2147483647;
			files = (
			);
			runOnlyForDeploymentPostprocessing = 0;
		};
/* End PBXFrameworksBuildPhase section */

/* Begin PBXGroup section */
		B13295DD2D8A92A600F6345C = {
			isa = PBXGroup;
			children = (
				B13295E82D8A92A600F6345C /* CountMe */,
				B13295F92D8A92A800F6345C /* CountMeTests */,
				B13296032D8A92A800F6345C /* CountMeUITests */,
				B13295E72D8A92A600F6345C /* Products */,
			);
			sourceTree = "<group>";
		};
		B13295E72D8A92A600F6345C /* Products */ = {
			isa = PBXGroup;
			children = (
				B13295E62D8A92A600F6345C /* CountMe.app */,
				B13295F62D8A92A800F6345C /* CountMeTests.xctest */,
				B13296002D8A92A800F6345C /* CountMeUITests.xctest */,
			);
			name = Products;
			sourceTree = "<group>";
		};
/* End PBXGroup section */

/* Begin PBXNativeTarget section */
		B13295E52D8A92A600F6345C /* CountMe */ = {
			isa = PBXNativeTarget;
			buildConfigurationList = B132960A2D8A92A800F6345C /* Build configuration list for PBXNativeTarget "CountMe" */;
			buildPhases = (
				B13295E22D8A92A600F6345C /* Sources */,
				B13295E32D8A92A600F6345C /* Frameworks */,
				B13295E42D8A92A600F6345C /* Resources */,
			);
			buildRules = (
			);
			dependencies = (
			);
			fileSystemSynchronizedGroups = (
				B13295E82D8A92A600F6345C /* CountMe */,
			);
			name = CountMe;
			packageProductDependencies = (
			);
			productName = CountMe;
			productReference = B13295E62D8A92A600F6345C /* CountMe.app */;
			productType = "com.apple.product-type.application";
		};
		B13295F52D8A92A800F6345C /* CountMeTests */ = {
			isa = PBXNativeTarget;
			buildConfigurationList = B132960D2D8A92A800F6345C /* Build configuration list for PBXNativeTarget "CountMeTests" */;
			buildPhases = (
				B13295F22D8A92A800F6345C /* Sources */,
				B13295F32D8A92A800F6345C /* Frameworks */,
				B13295F42D8A92A800F6345C /* Resources */,
			);
			buildRules = (
			);
			dependencies = (
				B13295F82D8A92A800F6345C /* PBXTargetDependency */,
			);
			fileSystemSynchronizedGroups = (
				B13295F92D8A92A800F6345C /* CountMeTests */,
			);
			name = CountMeTests;
			packageProductDependencies = (
			);
			productName = CountMeTests;
			productReference = B13295F62D8A92A800F6345C /* CountMeTests.xctest */;
			productType = "com.apple.product-type.bundle.unit-test";
		};
		B13295FF2D8A92A800F6345C /* CountMeUITests */ = {
			isa = PBXNativeTarget;
			buildConfigurationList = B13296102D8A92A800F6345C /* Build configuration list for PBXNativeTarget "CountMeUITests" */;
			buildPhases = (
				B13295FC2D8A92A800F6345C /* Sources */,
				B13295FD2D8A92A800F6345C /* Frameworks */,
				B13295FE2D8A92A800F6345C /* Resources */,
			);
			buildRules = (
			);
			dependencies = (
				B13296022D8A92A800F6345C /* PBXTargetDependency */,
			);
			fileSystemSynchronizedGroups = (
				B13296032D8A92A800F6345C /* CountMeUITests */,
			);
			name = CountMeUITests;
			packageProductDependencies = (
			);
			productName = CountMeUITests;
			productReference = B13296002D8A92A800F6345C /* CountMeUITests.xctest */;
			productType = "com.apple.product-type.bundle.ui-testing";
		};
/* End PBXNativeTarget section */

/* Begin PBXProject section */
		B13295DE2D8A92A600F6345C /* Project object */ = {
			isa = PBXProject;
			attributes = {
				BuildIndependentTargetsInParallel = 1;
				LastSwiftUpdateCheck = 1620;
				LastUpgradeCheck = 1620;
				TargetAttributes = {
					B13295E52D8A92A600F6345C = {
						CreatedOnToolsVersion = 16.2;
					};
					B13295F52D8A92A800F6345C = {
						CreatedOnToolsVersion = 16.2;
						TestTargetID = B13295E52D8A92A600F6345C;
					};
					B13295FF2D8A92A800F6345C = {
						CreatedOnToolsVersion = 16.2;
						TestTargetID = B13295E52D8A92A600F6345C;
					};
				};
			};
			buildConfigurationList = B13295E12D8A92A600F6345C /* Build configuration list for PBXProject "CountMe" */;
			developmentRegion = en;
			hasScannedForEncodings = 0;
			knownRegions = (
				en,
				Base,
			);
			mainGroup = B13295DD2D8A92A600F6345C;
			minimizedProjectReferenceProxies = 1;
			preferredProjectObjectVersion = 77;
			productRefGroup = B13295E72D8A92A600F6345C /* Products */;
			projectDirPath = "";
			projectRoot = "";
			targets = (
				B13295E52D8A92A600F6345C /* CountMe */,
				B13295F52D8A92A800F6345C /* CountMeTests */,
				B13295FF2D8A92A800F6345C /* CountMeUITests */,
			);
		};
/* End PBXProject section */

/* Begin PBXResourcesBuildPhase section */
		B13295E42D8A92A600F6345C /* Resources */ = {
			isa = PBXResourcesBuildPhase;
			buildActionMask = 2147483647;
			files = (
			);
			runOnlyForDeploymentPostprocessing = 0;
		};
		B13295F42D8A92A800F6345C /* Resources */ = {
			isa = PBXResourcesBuildPhase;
			buildActionMask = 2147483647;
			files = (
			);
			runOnlyForDeploymentPostprocessing = 0;
		};
		B13295FE2D8A92A800F6345C /* Resources */ = {
			isa = PBXResourcesBuildPhase;
			buildActionMask = 2147483647;
			files = (
			);
			runOnlyForDeploymentPostprocessing = 0;
		};
/* End PBXResourcesBuildPhase section */

/* Begin PBXSourcesBuildPhase section */
		B13295E22D8A92A600F6345C /* Sources */ = {
			isa = PBXSourcesBuildPhase;
			buildActionMask = 2147483647;
			files = (
			);
			runOnlyForDeploymentPostprocessing = 0;
		};
		B13295F22D8A92A800F6345C /* Sources */ = {
			isa = PBXSourcesBuildPhase;
			buildActionMask = 2147483647;
			files = (
			);
			runOnlyForDeploymentPostprocessing = 0;
		};
		B13295FC2D8A92A800F6345C /* Sources */ = {
			isa = PBXSourcesBuildPhase;
			buildActionMask = 2147483647;
			files = (
			);
			runOnlyForDeploymentPostprocessing = 0;
		};
/* End PBXSourcesBuildPhase section */

/* Begin PBXTargetDependency section */
		B13295F82D8A92A800F6345C /* PBXTargetDependency */ = {
			isa = PBXTargetDependency;
			target = B13295E52D8A92A600F6345C /* CountMe */;
			targetProxy = B13295F72D8A92A800F6345C /* PBXContainerItemProxy */;
		};
		B13296022D8A92A800F6345C /* PBXTargetDependency */ = {
			isa = PBXTargetDependency;
			target = B13295E52D8A92A600F6345C /* CountMe */;
			targetProxy = B13296012D8A92A800F6345C /* PBXContainerItemProxy */;
		};
/* End PBXTargetDependency section */

/* Begin XCBuildConfiguration section */
		B13296082D8A92A800F6345C /* Debug */ = {
			isa = XCBuildConfiguration;
			buildSettings = {
				ALWAYS_SEARCH_USER_PATHS = NO;
				ASSETCATALOG_COMPILER_GENERATE_SWIFT_ASSET_SYMBOL_EXTENSIONS = YES;
				CLANG_ANALYZER_NONNULL = YES;
				CLANG_ANALYZER_NUMBER_OBJECT_CONVERSION = YES_AGGRESSIVE;
				CLANG_CXX_LANGUAGE_STANDARD = "gnu++20";
				CLANG_ENABLE_MODULES = YES;
				CLANG_ENABLE_OBJC_ARC = YES;
				CLANG_ENABLE_OBJC_WEAK = YES;
				CLANG_WARN_BLOCK_CAPTURE_AUTORELEASING = YES;
				CLANG_WARN_BOOL_CONVERSION = YES;
				CLANG_WARN_COMMA = YES;
				CLANG_WARN_CONSTANT_CONVERSION = YES;
				CLANG_WARN_DEPRECATED_OBJC_IMPLEMENTATIONS = YES;
				CLANG_WARN_DIRECT_OBJC_ISA_USAGE = YES_ERROR;
				CLANG_WARN_DOCUMENTATION_COMMENTS = YES;
				CLANG_WARN_EMPTY_BODY = YES;
				CLANG_WARN_ENUM_CONVERSION = YES;
				CLANG_WARN_INFINITE_RECURSION = YES;
				CLANG_WARN_INT_CONVERSION = YES;
				CLANG_WARN_NON_LITERAL_NULL_CONVERSION = YES;
				CLANG_WARN_OBJC_IMPLICIT_RETAIN_SELF = YES;
				CLANG_WARN_OBJC_LITERAL_CONVERSION = YES;
				CLANG_WARN_OBJC_ROOT_CLASS = YES_ERROR;
				CLANG_WARN_QUOTED_INCLUDE_IN_FRAMEWORK_HEADER = YES;
				CLANG_WARN_RANGE_LOOP_ANALYSIS = YES;
				CLANG_WARN_STRICT_PROTOTYPES = YES;
				CLANG_WARN_SUSPICIOUS_MOVE = YES;
				CLANG_WARN_UNGUARDED_AVAILABILITY = YES_AGGRESSIVE;
				CLANG_WARN_UNREACHABLE_CODE = YES;
				CLANG_WARN__DUPLICATE_METHOD_MATCH = YES;
				COPY_PHASE_STRIP = NO;
				DEBUG_INFORMATION_FORMAT = dwarf;
				ENABLE_STRICT_OBJC_MSGSEND = YES;
				ENABLE_TESTABILITY = YES;
				ENABLE_USER_SCRIPT_SANDBOXING = YES;
				GCC_C_LANGUAGE_STANDARD = gnu17;
				GCC_DYNAMIC_NO_PIC = NO;
				GCC_NO_COMMON_BLOCKS = YES;
				GCC_OPTIMIZATION_LEVEL = 0;
				GCC_PREPROCESSOR_DEFINITIONS = (
					"DEBUG=1",
					"$(inherited)",
				);
				GCC_WARN_64_TO_32_BIT_CONVERSION = YES;
				GCC_WARN_ABOUT_RETURN_TYPE = YES_ERROR;
				GCC_WARN_UNDECLARED_SELECTOR = YES;
				GCC_WARN_UNINITIALIZED_AUTOS = YES_AGGRESSIVE;
				GCC_WARN_UNUSED_FUNCTION = YES;
				GCC_WARN_UNUSED_VARIABLE = YES;
				IPHONEOS_DEPLOYMENT_TARGET = 18.2;
				LOCALIZATION_PREFERS_STRING_CATALOGS = YES;
				MTL_ENABLE_DEBUG_INFO = INCLUDE_SOURCE;
				MTL_FAST_MATH = YES;
				ONLY_ACTIVE_ARCH = YES;
				SDKROOT = iphoneos;
				SWIFT_ACTIVE_COMPILATION_CONDITIONS = "DEBUG $(inherited)";
				SWIFT_OPTIMIZATION_LEVEL = "-Onone";
			};
			name = Debug;
		};
		B13296092D8A92A800F6345C /* Release */ = {
			isa = XCBuildConfiguration;
			buildSettings = {
				ALWAYS_SEARCH_USER_PATHS = NO;
				ASSETCATALOG_COMPILER_GENERATE_SWIFT_ASSET_SYMBOL_EXTENSIONS = YES;
				CLANG_ANALYZER_NONNULL = YES;
				CLANG_ANALYZER_NUMBER_OBJECT_CONVERSION = YES_AGGRESSIVE;
				CLANG_CXX_LANGUAGE_STANDARD = "gnu++20";
				CLANG_ENABLE_MODULES = YES;
				CLANG_ENABLE_OBJC_ARC = YES;
				CLANG_ENABLE_OBJC_WEAK = YES;
				CLANG_WARN_BLOCK_CAPTURE_AUTORELEASING = YES;
				CLANG_WARN_BOOL_CONVERSION = YES;
				CLANG_WARN_COMMA = YES;
				CLANG_WARN_CONSTANT_CONVERSION = YES;
				CLANG_WARN_DEPRECATED_OBJC_IMPLEMENTATIONS = YES;
				CLANG_WARN_DIRECT_OBJC_ISA_USAGE = YES_ERROR;
				CLANG_WARN_DOCUMENTATION_COMMENTS = YES;
				CLANG_WARN_EMPTY_BODY = YES;
				CLANG_WARN_ENUM_CONVERSION = YES;
				CLANG_WARN_INFINITE_RECURSION = YES;
				CLANG_WARN_INT_CONVERSION = YES;
				CLANG_WARN_NON_LITERAL_NULL_CONVERSION = YES;
				CLANG_WARN_OBJC_IMPLICIT_RETAIN_SELF = YES;
				CLANG_WARN_OBJC_LITERAL_CONVERSION = YES;
				CLANG_WARN_OBJC_ROOT_CLASS = YES_ERROR;
				CLANG_WARN_QUOTED_INCLUDE_IN_FRAMEWORK_HEADER = YES;
				CLANG_WARN_RANGE_LOOP_ANALYSIS = YES;
				CLANG_WARN_STRICT_PROTOTYPES = YES;
				CLANG_WARN_SUSPICIOUS_MOVE = YES;
				CLANG_WARN_UNGUARDED_AVAILABILITY = YES_AGGRESSIVE;
				CLANG_WARN_UNREACHABLE_CODE = YES;
				CLANG_WARN__DUPLICATE_METHOD_MATCH = YES;
				COPY_PHASE_STRIP = NO;
				DEBUG_INFORMATION_FORMAT = "dwarf-with-dsym";
				ENABLE_NS_ASSERTIONS = NO;
				ENABLE_STRICT_OBJC_MSGSEND = YES;
				ENABLE_USER_SCRIPT_SANDBOXING = YES;
				GCC_C_LANGUAGE_STANDARD = gnu17;
				GCC_NO_COMMON_BLOCKS = YES;
				GCC_WARN_64_TO_32_BIT_CONVERSION = YES;
				GCC_WARN_ABOUT_RETURN_TYPE = YES_ERROR;
				GCC_WARN_UNDECLARED_SELECTOR = YES;
				GCC_WARN_UNINITIALIZED_AUTOS = YES_AGGRESSIVE;
				GCC_WARN_UNUSED_FUNCTION = YES;
				GCC_WARN_UNUSED_VARIABLE = YES;
				IPHONEOS_DEPLOYMENT_TARGET = 18.2;
				LOCALIZATION_PREFERS_STRING_CATALOGS = YES;
				MTL_ENABLE_DEBUG_INFO = NO;
				MTL_FAST_MATH = YES;
				SDKROOT = iphoneos;
				SWIFT_COMPILATION_MODE = wholemodule;
				VALIDATE_PRODUCT = YES;
			};
			name = Release;
		};
		B132960B2D8A92A800F6345C /* Debug */ = {
			isa = XCBuildConfiguration;
			buildSettings = {
				ASSETCATALOG_COMPILER_APPICON_NAME = AppIcon;
				ASSETCATALOG_COMPILER_GLOBAL_ACCENT_COLOR_NAME = AccentColor;
				CODE_SIGN_STYLE = Automatic;
				CURRENT_PROJECT_VERSION = 1;
				DEVELOPMENT_ASSET_PATHS = "\"CountMe/Preview Content\"";
				DEVELOPMENT_TEAM = 8AM76272N5;
				ENABLE_PREVIEWS = YES;
				GENERATE_INFOPLIST_FILE = YES;
				INFOPLIST_FILE = CountMe/Info.plist;
				INFOPLIST_KEY_LSApplicationCategoryType = "";
				INFOPLIST_KEY_NSCameraUsageDescription = "   CountMe needs camera access to scan and process receipts and documents.\n    <string>CountMe needs camera access to scan and process receipts and documents.</string>\nCountMe needs camera access to scan and process receipts and documents.";
				INFOPLIST_KEY_UIApplicationSceneManifest_Generation = YES;
				INFOPLIST_KEY_UIApplicationSupportsIndirectInputEvents = YES;
				INFOPLIST_KEY_UILaunchScreen_Generation = YES;
				INFOPLIST_KEY_UISupportedInterfaceOrientations_iPad = "UIInterfaceOrientationPortrait UIInterfaceOrientationPortraitUpsideDown UIInterfaceOrientationLandscapeLeft UIInterfaceOrientationLandscapeRight";
				INFOPLIST_KEY_UISupportedInterfaceOrientations_iPhone = "UIInterfaceOrientationPortrait UIInterfaceOrientationLandscapeLeft UIInterfaceOrientationLandscapeRight";
				LD_RUNPATH_SEARCH_PATHS = (
					"$(inherited)",
					"@executable_path/Frameworks",
				);
				MARKETING_VERSION = 1.0;
				PRODUCT_BUNDLE_IDENTIFIER = imoux.CountMe;
				PRODUCT_NAME = "$(TARGET_NAME)";
				SWIFT_EMIT_LOC_STRINGS = YES;
				SWIFT_VERSION = 5.0;
				TARGETED_DEVICE_FAMILY = "1,2";
			};
			name = Debug;
		};
		B132960C2D8A92A800F6345C /* Release */ = {
			isa = XCBuildConfiguration;
			buildSettings = {
				ASSETCATALOG_COMPILER_APPICON_NAME = AppIcon;
				ASSETCATALOG_COMPILER_GLOBAL_ACCENT_COLOR_NAME = AccentColor;
				CODE_SIGN_STYLE = Automatic;
				CURRENT_PROJECT_VERSION = 1;
				DEVELOPMENT_ASSET_PATHS = "\"CountMe/Preview Content\"";
				DEVELOPMENT_TEAM = 8AM76272N5;
				ENABLE_PREVIEWS = YES;
				GENERATE_INFOPLIST_FILE = YES;
				INFOPLIST_FILE = CountMe/Info.plist;
				INFOPLIST_KEY_LSApplicationCategoryType = "";
				INFOPLIST_KEY_NSCameraUsageDescription = "   CountMe needs camera access to scan and process receipts and documents.\n    <string>CountMe needs camera access to scan and process receipts and documents.</string>\nCountMe needs camera access to scan and process receipts and documents.";
				INFOPLIST_KEY_UIApplicationSceneManifest_Generation = YES;
				INFOPLIST_KEY_UIApplicationSupportsIndirectInputEvents = YES;
				INFOPLIST_KEY_UILaunchScreen_Generation = YES;
				INFOPLIST_KEY_UISupportedInterfaceOrientations_iPad = "UIInterfaceOrientationPortrait UIInterfaceOrientationPortraitUpsideDown UIInterfaceOrientationLandscapeLeft UIInterfaceOrientationLandscapeRight";
				INFOPLIST_KEY_UISupportedInterfaceOrientations_iPhone = "UIInterfaceOrientationPortrait UIInterfaceOrientationLandscapeLeft UIInterfaceOrientationLandscapeRight";
				LD_RUNPATH_SEARCH_PATHS = (
					"$(inherited)",
					"@executable_path/Frameworks",
				);
				MARKETING_VERSION = 1.0;
				PRODUCT_BUNDLE_IDENTIFIER = imoux.CountMe;
				PRODUCT_NAME = "$(TARGET_NAME)";
				SWIFT_EMIT_LOC_STRINGS = YES;
				SWIFT_VERSION = 5.0;
				TARGETED_DEVICE_FAMILY = "1,2";
			};
			name = Release;
		};
		B132960E2D8A92A800F6345C /* Debug */ = {
			isa = XCBuildConfiguration;
			buildSettings = {
				BUNDLE_LOADER = "$(TEST_HOST)";
				CODE_SIGN_STYLE = Automatic;
				CURRENT_PROJECT_VERSION = 1;
				DEVELOPMENT_TEAM = 6SLG9DB9N5;
				GENERATE_INFOPLIST_FILE = YES;
				IPHONEOS_DEPLOYMENT_TARGET = 18.2;
				MARKETING_VERSION = 1.0;
				PRODUCT_BUNDLE_IDENTIFIER = imoux.CountMeTests;
				PRODUCT_NAME = "$(TARGET_NAME)";
				SWIFT_EMIT_LOC_STRINGS = NO;
				SWIFT_VERSION = 5.0;
				TARGETED_DEVICE_FAMILY = "1,2";
				TEST_HOST = "$(BUILT_PRODUCTS_DIR)/CountMe.app/$(BUNDLE_EXECUTABLE_FOLDER_PATH)/CountMe";
			};
			name = Debug;
		};
		B132960F2D8A92A800F6345C /* Release */ = {
			isa = XCBuildConfiguration;
			buildSettings = {
				BUNDLE_LOADER = "$(TEST_HOST)";
				CODE_SIGN_STYLE = Automatic;
				CURRENT_PROJECT_VERSION = 1;
				DEVELOPMENT_TEAM = 6SLG9DB9N5;
				GENERATE_INFOPLIST_FILE = YES;
				IPHONEOS_DEPLOYMENT_TARGET = 18.2;
				MARKETING_VERSION = 1.0;
				PRODUCT_BUNDLE_IDENTIFIER = imoux.CountMeTests;
				PRODUCT_NAME = "$(TARGET_NAME)";
				SWIFT_EMIT_LOC_STRINGS = NO;
				SWIFT_VERSION = 5.0;
				TARGETED_DEVICE_FAMILY = "1,2";
				TEST_HOST = "$(BUILT_PRODUCTS_DIR)/CountMe.app/$(BUNDLE_EXECUTABLE_FOLDER_PATH)/CountMe";
			};
			name = Release;
		};
		B13296112D8A92A800F6345C /* Debug */ = {
			isa = XCBuildConfiguration;
			buildSettings = {
				CODE_SIGN_STYLE = Automatic;
				CURRENT_PROJECT_VERSION = 1;
				DEVELOPMENT_TEAM = 6SLG9DB9N5;
				GENERATE_INFOPLIST_FILE = YES;
				MARKETING_VERSION = 1.0;
				PRODUCT_BUNDLE_IDENTIFIER = imoux.CountMeUITests;
				PRODUCT_NAME = "$(TARGET_NAME)";
				SWIFT_EMIT_LOC_STRINGS = NO;
				SWIFT_VERSION = 5.0;
				TARGETED_DEVICE_FAMILY = "1,2";
				TEST_TARGET_NAME = CountMe;
			};
			name = Debug;
		};
		B13296122D8A92A800F6345C /* Release */ = {
			isa = XCBuildConfiguration;
			buildSettings = {
				CODE_SIGN_STYLE = Automatic;
				CURRENT_PROJECT_VERSION = 1;
				DEVELOPMENT_TEAM = 6SLG9DB9N5;
				GENERATE_INFOPLIST_FILE = YES;
				MARKETING_VERSION = 1.0;
				PRODUCT_BUNDLE_IDENTIFIER = imoux.CountMeUITests;
				PRODUCT_NAME = "$(TARGET_NAME)";
				SWIFT_EMIT_LOC_STRINGS = NO;
				SWIFT_VERSION = 5.0;
				TARGETED_DEVICE_FAMILY = "1,2";
				TEST_TARGET_NAME = CountMe;
			};
			name = Release;
		};
/* End XCBuildConfiguration section */

/* Begin XCConfigurationList section */
		B13295E12D8A92A600F6345C /* Build configuration list for PBXProject "CountMe" */ = {
			isa = XCConfigurationList;
			buildConfigurations = (
				B13296082D8A92A800F6345C /* Debug */,
				B13296092D8A92A800F6345C /* Release */,
			);
			defaultConfigurationIsVisible = 0;
			defaultConfigurationName = Release;
		};
		B132960A2D8A92A800F6345C /* Build configuration list for PBXNativeTarget "CountMe" */ = {
			isa = XCConfigurationList;
			buildConfigurations = (
				B132960B2D8A92A800F6345C /* Debug */,
				B132960C2D8A92A800F6345C /* Release */,
			);
			defaultConfigurationIsVisible = 0;
			defaultConfigurationName = Release;
		};
		B132960D2D8A92A800F6345C /* Build configuration list for PBXNativeTarget "CountMeTests" */ = {
			isa = XCConfigurationList;
			buildConfigurations = (
				B132960E2D8A92A800F6345C /* Debug */,
				B132960F2D8A92A800F6345C /* Release */,
			);
			defaultConfigurationIsVisible = 0;
			defaultConfigurationName = Release;
		};
		B13296102D8A92A800F6345C /* Build configuration list for PBXNativeTarget "CountMeUITests" */ = {
			isa = XCConfigurationList;
			buildConfigurations = (
				B13296112D8A92A800F6345C /* Debug */,
				B13296122D8A92A800F6345C /* Release */,
			);
			defaultConfigurationIsVisible = 0;
			defaultConfigurationName = Release;
		};
/* End XCConfigurationList section */
	};
	rootObject = B13295DE2D8A92A600F6345C /* Project object */;
}
